// !$*UTF8*$!
{
	archiveVersion = 1;
	classes = {
	};
	objectVersion = 46;
	objects = {

/* Begin PBXBuildFile section */
		640D06E31EA2BCEC00AEF48E /* Array+Random.swift in Sources */ = {isa = PBXBuildFile; fileRef = 640D06E21EA2BCEC00AEF48E /* Array+Random.swift */; };
		640D06E51EA2BD0C00AEF48E /* Array+Empty.swift in Sources */ = {isa = PBXBuildFile; fileRef = 640D06E41EA2BD0C00AEF48E /* Array+Empty.swift */; };
		640D06E81EA2BD4E00AEF48E /* Int+Parity.swift in Sources */ = {isa = PBXBuildFile; fileRef = 640D06E71EA2BD4E00AEF48E /* Int+Parity.swift */; };
		640D06EA1EA32A4800AEF48E /* Tokenizer.swift in Sources */ = {isa = PBXBuildFile; fileRef = 640D06E91EA32A4800AEF48E /* Tokenizer.swift */; };
		640D06EC1EA32A5300AEF48E /* Parser.swift in Sources */ = {isa = PBXBuildFile; fileRef = 640D06EB1EA32A5300AEF48E /* Parser.swift */; };
		640D06EE1EA32A9D00AEF48E /* Chord.swift in Sources */ = {isa = PBXBuildFile; fileRef = 640D06ED1EA32A9D00AEF48E /* Chord.swift */; };
		640D06F01EA32ADA00AEF48E /* Hooktheory.swift in Sources */ = {isa = PBXBuildFile; fileRef = 640D06EF1EA32ADA00AEF48E /* Hooktheory.swift */; };
		640D06F21EA32B4200AEF48E /* Character+Convenience.swift in Sources */ = {isa = PBXBuildFile; fileRef = 640D06F11EA32B4200AEF48E /* Character+Convenience.swift */; };
		64BFBFEA1E98902F005DBCF5 /* main.swift in Sources */ = {isa = PBXBuildFile; fileRef = 64BFBFE91E98902F005DBCF5 /* main.swift */; };
/* End PBXBuildFile section */

/* Begin PBXCopyFilesBuildPhase section */
		64BFBFE41E98902F005DBCF5 /* CopyFiles */ = {
			isa = PBXCopyFilesBuildPhase;
			buildActionMask = 2147483647;
			dstPath = /usr/share/man/man1/;
			dstSubfolderSpec = 0;
			files = (
			);
			runOnlyForDeploymentPostprocessing = 1;
		};
/* End PBXCopyFilesBuildPhase section */

/* Begin PBXFileReference section */
		640D06E21EA2BCEC00AEF48E /* Array+Random.swift */ = {isa = PBXFileReference; fileEncoding = 4; lastKnownFileType = sourcecode.swift; path = "Array+Random.swift"; sourceTree = "<group>"; };
		640D06E41EA2BD0C00AEF48E /* Array+Empty.swift */ = {isa = PBXFileReference; fileEncoding = 4; lastKnownFileType = sourcecode.swift; path = "Array+Empty.swift"; sourceTree = "<group>"; };
		640D06E71EA2BD4E00AEF48E /* Int+Parity.swift */ = {isa = PBXFileReference; fileEncoding = 4; lastKnownFileType = sourcecode.swift; path = "Int+Parity.swift"; sourceTree = "<group>"; };
		640D06E91EA32A4800AEF48E /* Tokenizer.swift */ = {isa = PBXFileReference; fileEncoding = 4; lastKnownFileType = sourcecode.swift; path = Tokenizer.swift; sourceTree = "<group>"; };
		640D06EB1EA32A5300AEF48E /* Parser.swift */ = {isa = PBXFileReference; fileEncoding = 4; lastKnownFileType = sourcecode.swift; path = Parser.swift; sourceTree = "<group>"; };
		640D06ED1EA32A9D00AEF48E /* Chord.swift */ = {isa = PBXFileReference; fileEncoding = 4; lastKnownFileType = sourcecode.swift; path = Chord.swift; sourceTree = "<group>"; };
		640D06EF1EA32ADA00AEF48E /* Hooktheory.swift */ = {isa = PBXFileReference; fileEncoding = 4; lastKnownFileType = sourcecode.swift; path = Hooktheory.swift; sourceTree = "<group>"; };
		640D06F11EA32B4200AEF48E /* Character+Convenience.swift */ = {isa = PBXFileReference; fileEncoding = 4; lastKnownFileType = sourcecode.swift; path = "Character+Convenience.swift"; sourceTree = "<group>"; };
		64BFBFE61E98902F005DBCF5 /* Chorder */ = {isa = PBXFileReference; explicitFileType = "compiled.mach-o.executable"; includeInIndex = 0; path = Chorder; sourceTree = BUILT_PRODUCTS_DIR; };
		64BFBFE91E98902F005DBCF5 /* main.swift */ = {isa = PBXFileReference; lastKnownFileType = sourcecode.swift; path = main.swift; sourceTree = "<group>"; };
/* End PBXFileReference section */

/* Begin PBXFrameworksBuildPhase section */
		64BFBFE31E98902F005DBCF5 /* Frameworks */ = {
			isa = PBXFrameworksBuildPhase;
			buildActionMask = 2147483647;
			files = (
			);
			runOnlyForDeploymentPostprocessing = 0;
		};
/* End PBXFrameworksBuildPhase section */

/* Begin PBXGroup section */
		640D06E61EA2BD3E00AEF48E /* Extensions */ = {
			isa = PBXGroup;
			children = (
				640D06E21EA2BCEC00AEF48E /* Array+Random.swift */,
				640D06E41EA2BD0C00AEF48E /* Array+Empty.swift */,
				640D06E71EA2BD4E00AEF48E /* Int+Parity.swift */,
				640D06F11EA32B4200AEF48E /* Character+Convenience.swift */,
			);
			name = Extensions;
			sourceTree = "<group>";
		};
		640D06F31EA32C5D00AEF48E /* Hooktheory */ = {
			isa = PBXGroup;
			children = (
				640D06E91EA32A4800AEF48E /* Tokenizer.swift */,
				640D06EB1EA32A5300AEF48E /* Parser.swift */,
				640D06EF1EA32ADA00AEF48E /* Hooktheory.swift */,
			);
			name = Hooktheory;
			sourceTree = "<group>";
		};
		640D06F41EA32C6600AEF48E /* Chord */ = {
			isa = PBXGroup;
			children = (
				640D06ED1EA32A9D00AEF48E /* Chord.swift */,
			);
			name = Chord;
			sourceTree = "<group>";
		};
		64BFBFDD1E98902F005DBCF5 = {
			isa = PBXGroup;
			children = (
				64BFBFE81E98902F005DBCF5 /* Chorder */,
				64BFBFE71E98902F005DBCF5 /* Products */,
			);
			sourceTree = "<group>";
		};
		64BFBFE71E98902F005DBCF5 /* Products */ = {
			isa = PBXGroup;
			children = (
				64BFBFE61E98902F005DBCF5 /* Chorder */,
			);
			name = Products;
			sourceTree = "<group>";
		};
		64BFBFE81E98902F005DBCF5 /* Chorder */ = {
			isa = PBXGroup;
			children = (
				64BFBFE91E98902F005DBCF5 /* main.swift */,
				640D06F41EA32C6600AEF48E /* Chord */,
				640D06F31EA32C5D00AEF48E /* Hooktheory */,
				640D06E61EA2BD3E00AEF48E /* Extensions */,
			);
			path = Chorder;
			sourceTree = "<group>";
		};
/* End PBXGroup section */

/* Begin PBXNativeTarget section */
		64BFBFE51E98902F005DBCF5 /* Chorder */ = {
			isa = PBXNativeTarget;
			buildConfigurationList = 64BFBFED1E98902F005DBCF5 /* Build configuration list for PBXNativeTarget "Chorder" */;
			buildPhases = (
				64BFBFE21E98902F005DBCF5 /* Sources */,
				64BFBFE31E98902F005DBCF5 /* Frameworks */,
				64BFBFE41E98902F005DBCF5 /* CopyFiles */,
			);
			buildRules = (
			);
			dependencies = (
			);
			name = Chorder;
			productName = Chorder;
			productReference = 64BFBFE61E98902F005DBCF5 /* Chorder */;
			productType = "com.apple.product-type.tool";
		};
/* End PBXNativeTarget section */

/* Begin PBXProject section */
		64BFBFDE1E98902F005DBCF5 /* Project object */ = {
			isa = PBXProject;
			attributes = {
				LastSwiftUpdateCheck = 0820;
				LastUpgradeCheck = 0820;
				ORGANIZATIONNAME = "Michael Pace";
				TargetAttributes = {
					64BFBFE51E98902F005DBCF5 = {
						CreatedOnToolsVersion = 8.2.1;
						DevelopmentTeam = 7VP6KTBX4J;
						ProvisioningStyle = Automatic;
					};
				};
			};
			buildConfigurationList = 64BFBFE11E98902F005DBCF5 /* Build configuration list for PBXProject "Chorder" */;
			compatibilityVersion = "Xcode 3.2";
			developmentRegion = English;
			hasScannedForEncodings = 0;
			knownRegions = (
				en,
			);
			mainGroup = 64BFBFDD1E98902F005DBCF5;
			productRefGroup = 64BFBFE71E98902F005DBCF5 /* Products */;
			projectDirPath = "";
			projectRoot = "";
			targets = (
				64BFBFE51E98902F005DBCF5 /* Chorder */,
			);
		};
/* End PBXProject section */

/* Begin PBXSourcesBuildPhase section */
		64BFBFE21E98902F005DBCF5 /* Sources */ = {
			isa = PBXSourcesBuildPhase;
			buildActionMask = 2147483647;
			files = (
				640D06E31EA2BCEC00AEF48E /* Array+Random.swift in Sources */,
				640D06F21EA32B4200AEF48E /* Character+Convenience.swift in Sources */,
				640D06EA1EA32A4800AEF48E /* Tokenizer.swift in Sources */,
				640D06EC1EA32A5300AEF48E /* Parser.swift in Sources */,
				64BFBFEA1E98902F005DBCF5 /* main.swift in Sources */,
				640D06E81EA2BD4E00AEF48E /* Int+Parity.swift in Sources */,
				640D06E51EA2BD0C00AEF48E /* Array+Empty.swift in Sources */,
				640D06EE1EA32A9D00AEF48E /* Chord.swift in Sources */,
				640D06F01EA32ADA00AEF48E /* Hooktheory.swift in Sources */,
			);
			runOnlyForDeploymentPostprocessing = 0;
		};
/* End PBXSourcesBuildPhase section */

/* Begin XCBuildConfiguration section */
		64BFBFEB1E98902F005DBCF5 /* Debug */ = {
			isa = XCBuildConfiguration;
			buildSettings = {
				ALWAYS_SEARCH_USER_PATHS = NO;
				CLANG_ANALYZER_NONNULL = YES;
				CLANG_CXX_LANGUAGE_STANDARD = "gnu++0x";
				CLANG_CXX_LIBRARY = "libc++";
				CLANG_ENABLE_MODULES = YES;
				CLANG_ENABLE_OBJC_ARC = YES;
				CLANG_WARN_BOOL_CONVERSION = YES;
				CLANG_WARN_CONSTANT_CONVERSION = YES;
				CLANG_WARN_DIRECT_OBJC_ISA_USAGE = YES_ERROR;
				CLANG_WARN_DOCUMENTATION_COMMENTS = YES;
				CLANG_WARN_EMPTY_BODY = YES;
				CLANG_WARN_ENUM_CONVERSION = YES;
				CLANG_WARN_INFINITE_RECURSION = YES;
				CLANG_WARN_INT_CONVERSION = YES;
				CLANG_WARN_OBJC_ROOT_CLASS = YES_ERROR;
				CLANG_WARN_SUSPICIOUS_MOVE = YES;
				CLANG_WARN_UNREACHABLE_CODE = YES;
				CLANG_WARN__DUPLICATE_METHOD_MATCH = YES;
				CODE_SIGN_IDENTITY = "-";
				COPY_PHASE_STRIP = NO;
				DEBUG_INFORMATION_FORMAT = dwarf;
				ENABLE_STRICT_OBJC_MSGSEND = YES;
				ENABLE_TESTABILITY = YES;
				GCC_C_LANGUAGE_STANDARD = gnu99;
				GCC_DYNAMIC_NO_PIC = NO;
				GCC_NO_COMMON_BLOCKS = YES;
				GCC_OPTIMIZATION_LEVEL = 0;
				GCC_PREPROCESSOR_DEFINITIONS = (
					"DEBUG=1",
					"$(inherited)",
				);
				GCC_WARN_64_TO_32_BIT_CONVERSION = YES;
				GCC_WARN_ABOUT_RETURN_TYPE = YES_ERROR;
				GCC_WARN_UNDECLARED_SELECTOR = YES;
				GCC_WARN_UNINITIALIZED_AUTOS = YES_AGGRESSIVE;
				GCC_WARN_UNUSED_FUNCTION = YES;
				GCC_WARN_UNUSED_VARIABLE = YES;
				MACOSX_DEPLOYMENT_TARGET = 10.12;
				MTL_ENABLE_DEBUG_INFO = YES;
				ONLY_ACTIVE_ARCH = YES;
				SDKROOT = macosx;
				SWIFT_OPTIMIZATION_LEVEL = "-Onone";
			};
			name = Debug;
		};
		64BFBFEC1E98902F005DBCF5 /* Release */ = {
			isa = XCBuildConfiguration;
			buildSettings = {
				ALWAYS_SEARCH_USER_PATHS = NO;
				CLANG_ANALYZER_NONNULL = YES;
				CLANG_CXX_LANGUAGE_STANDARD = "gnu++0x";
				CLANG_CXX_LIBRARY = "libc++";
				CLANG_ENABLE_MODULES = YES;
				CLANG_ENABLE_OBJC_ARC = YES;
				CLANG_WARN_BOOL_CONVERSION = YES;
				CLANG_WARN_CONSTANT_CONVERSION = YES;
				CLANG_WARN_DIRECT_OBJC_ISA_USAGE = YES_ERROR;
				CLANG_WARN_DOCUMENTATION_COMMENTS = YES;
				CLANG_WARN_EMPTY_BODY = YES;
				CLANG_WARN_ENUM_CONVERSION = YES;
				CLANG_WARN_INFINITE_RECURSION = YES;
				CLANG_WARN_INT_CONVERSION = YES;
				CLANG_WARN_OBJC_ROOT_CLASS = YES_ERROR;
				CLANG_WARN_SUSPICIOUS_MOVE = YES;
				CLANG_WARN_UNREACHABLE_CODE = YES;
				CLANG_WARN__DUPLICATE_METHOD_MATCH = YES;
				CODE_SIGN_IDENTITY = "-";
				COPY_PHASE_STRIP = NO;
				DEBUG_INFORMATION_FORMAT = "dwarf-with-dsym";
				ENABLE_NS_ASSERTIONS = NO;
				ENABLE_STRICT_OBJC_MSGSEND = YES;
				GCC_C_LANGUAGE_STANDARD = gnu99;
				GCC_NO_COMMON_BLOCKS = YES;
				GCC_WARN_64_TO_32_BIT_CONVERSION = YES;
				GCC_WARN_ABOUT_RETURN_TYPE = YES_ERROR;
				GCC_WARN_UNDECLARED_SELECTOR = YES;
				GCC_WARN_UNINITIALIZED_AUTOS = YES_AGGRESSIVE;
				GCC_WARN_UNUSED_FUNCTION = YES;
				GCC_WARN_UNUSED_VARIABLE = YES;
				MACOSX_DEPLOYMENT_TARGET = 10.12;
				MTL_ENABLE_DEBUG_INFO = NO;
				SDKROOT = macosx;
			};
			name = Release;
		};
		64BFBFEE1E98902F005DBCF5 /* Debug */ = {
			isa = XCBuildConfiguration;
			buildSettings = {
				DEVELOPMENT_TEAM = 7VP6KTBX4J;
				PRODUCT_NAME = "$(TARGET_NAME)";
				SWIFT_VERSION = 3.0;
			};
			name = Debug;
		};
		64BFBFEF1E98902F005DBCF5 /* Release */ = {
			isa = XCBuildConfiguration;
			buildSettings = {
				DEVELOPMENT_TEAM = 7VP6KTBX4J;
				PRODUCT_NAME = "$(TARGET_NAME)";
				SWIFT_VERSION = 3.0;
			};
			name = Release;
		};
/* End XCBuildConfiguration section */

/* Begin XCConfigurationList section */
		64BFBFE11E98902F005DBCF5 /* Build configuration list for PBXProject "Chorder" */ = {
			isa = XCConfigurationList;
			buildConfigurations = (
				64BFBFEB1E98902F005DBCF5 /* Debug */,
				64BFBFEC1E98902F005DBCF5 /* Release */,
			);
			defaultConfigurationIsVisible = 0;
			defaultConfigurationName = Release;
		};
		64BFBFED1E98902F005DBCF5 /* Build configuration list for PBXNativeTarget "Chorder" */ = {
			isa = XCConfigurationList;
			buildConfigurations = (
				64BFBFEE1E98902F005DBCF5 /* Debug */,
				64BFBFEF1E98902F005DBCF5 /* Release */,
			);
			defaultConfigurationIsVisible = 0;
			defaultConfigurationName = Release;
		};
/* End XCConfigurationList section */
	};
	rootObject = 64BFBFDE1E98902F005DBCF5 /* Project object */;
}
